
Microsoft Visual Studio Solution File, Format Version 10.00
# Visual Studio 2008
Project("{8BC9CEB8-8B4A-11D0-8D11-00A0C91BC942}") = "Stack", "Stack\Stack.vcproj", "{C366CC60-C898-445E-8C46-421B035C9C06}"
EndProject
Project("{8BC9CEB8-8B4A-11D0-8D11-00A0C91BC942}") = "Test_Stack", "Test_Stack\Test_Stack.vcproj", "{C72BD08E-AB66-4F39-9F35-9B58206FFF5E}"
EndProject
Global
	GlobalSection(SolutionConfigurationPlatforms) = preSolution
		Debug|Win32 = Debug|Win32
		Release|Win32 = Release|Win32
	EndGlobalSection
	GlobalSection(ProjectConfigurationPlatforms) = postSolution
		{C366CC60-C898-445E-8C46-421B035C9C06}.Debug|Win32.ActiveCfg = Debug|Win32
		{C366CC60-C898-445E-8C46-421B035C9C06}.Debug|Win32.Build.0 = Debug|Win32
		{C366CC60-C898-445E-8C46-421B035C9C06}.Release|Win32.ActiveCfg = Release|Win32
		{C366CC60-C898-445E-8C46-421B035C9C06}.Release|Win32.Build.0 = Release|Win32
		{C72BD08E-AB66-4F39-9F35-9B58206FFF5E}.Debug|Win32.ActiveCfg = Debug|Win32
		{C72BD08E-AB66-4F39-9F35-9B58206FFF5E}.Debug|Win32.Build.0 = Debug|Win32
		{C72BD08E-AB66-4F39-9F35-9B58206FFF5E}.Release|Win32.ActiveCfg = Release|Win32
		{C72BD08E-AB66-4F39-9F35-9B58206FFF5E}.Release|Win32.Build.0 = Release|Win32
	EndGlobalSection
	GlobalSection(SolutionProperties) = preSolution
		HideSolutionNode = FALSE
	EndGlobalSection
EndGlobal
